
Microsoft Visual Studio Solution File, Format Version 12.00
# Visual Studio Version 17
VisualStudioVersion = 17.5.002.0
MinimumVisualStudioVersion = 10.0.40219.1
Project("{9A19103F-16F7-4668-BE54-9A1E7A4F7556}") = "projeto.Core", "projeto.Core\projeto.Core.csproj", "{48F9C83C-1D22-4F2D-BD5C-4D43A755CD92}"
EndProject
Project("{9A19103F-16F7-4668-BE54-9A1E7A4F7556}") = "projeto.Data", "projeto.Data\projeto.Data.csproj", "{E07F7C40-4699-4BB3-BA71-66635EE98A95}"
EndProject
Project("{9A19103F-16F7-4668-BE54-9A1E7A4F7556}") = "projeto.Web", "projeto.Web\projeto.Web.csproj", "{5A257951-C95C-4118-AB60-B6E1B76031A2}"
EndProject
Global
	GlobalSection(SolutionConfigurationPlatforms) = preSolution
		Debug|Any CPU = Debug|Any CPU
		Release|Any CPU = Release|Any CPU
	EndGlobalSection
	GlobalSection(ProjectConfigurationPlatforms) = postSolution
		{48F9C83C-1D22-4F2D-BD5C-4D43A755CD92}.Debug|Any CPU.ActiveCfg = Debug|Any CPU
		{48F9C83C-1D22-4F2D-BD5C-4D43A755CD92}.Debug|Any CPU.Build.0 = Debug|Any CPU
		{48F9C83C-1D22-4F2D-BD5C-4D43A755CD92}.Release|Any CPU.ActiveCfg = Release|Any CPU
		{48F9C83C-1D22-4F2D-BD5C-4D43A755CD92}.Release|Any CPU.Build.0 = Release|Any CPU
		{E07F7C40-4699-4BB3-BA71-66635EE98A95}.Debug|Any CPU.ActiveCfg = Debug|Any CPU
		{E07F7C40-4699-4BB3-BA71-66635EE98A95}.Debug|Any CPU.Build.0 = Debug|Any CPU
		{E07F7C40-4699-4BB3-BA71-66635EE98A95}.Release|Any CPU.ActiveCfg = Release|Any CPU
		{E07F7C40-4699-4BB3-BA71-66635EE98A95}.Release|Any CPU.Build.0 = Release|Any CPU
		{5A257951-C95C-4118-AB60-B6E1B76031A2}.Debug|Any CPU.ActiveCfg = Debug|Any CPU
		{5A257951-C95C-4118-AB60-B6E1B76031A2}.Debug|Any CPU.Build.0 = Debug|Any CPU
		{5A257951-C95C-4118-AB60-B6E1B76031A2}.Release|Any CPU.ActiveCfg = Release|Any CPU
		{5A257951-C95C-4118-AB60-B6E1B76031A2}.Release|Any CPU.Build.0 = Release|Any CPU
	EndGlobalSection
	GlobalSection(SolutionProperties) = preSolution
		HideSolutionNode = FALSE
	EndGlobalSection
	GlobalSection(ExtensibilityGlobals) = postSolution
		SolutionGuid = {FED6BDA9-8F8C-42FD-ACEA-731FA9B4BC96}
	EndGlobalSection
EndGlobal
